
Microsoft Visual Studio Solution File, Format Version 12.00
# Visual Studio Version 17
VisualStudioVersion = 17.14.36915.13 d17.14
MinimumVisualStudioVersion = 10.0.40219.1
Project("{FAE04EC0-301F-11D3-BF4B-00C04F79EFBC}") = "Product", "Product.csproj", "{2022C92C-4ABB-4EBB-BFEF-7B4468A96F3B}"
EndProject
Global
	GlobalSection(SolutionConfigurationPlatforms) = preSolution
		Debug|Any CPU = Debug|Any CPU
		Release|Any CPU = Release|Any CPU
	EndGlobalSection
	GlobalSection(ProjectConfigurationPlatforms) = postSolution
		{2022C92C-4ABB-4EBB-BFEF-7B4468A96F3B}.Debug|Any CPU.ActiveCfg = Debug|Any CPU
		{2022C92C-4ABB-4EBB-BFEF-7B4468A96F3B}.Debug|Any CPU.Build.0 = Debug|Any CPU
		{2022C92C-4ABB-4EBB-BFEF-7B4468A96F3B}.Release|Any CPU.ActiveCfg = Release|Any CPU
		{2022C92C-4ABB-4EBB-BFEF-7B4468A96F3B}.Release|Any CPU.Build.0 = Release|Any CPU
	EndGlobalSection
	GlobalSection(SolutionProperties) = preSolution
		HideSolutionNode = FALSE
	EndGlobalSection
	GlobalSection(ExtensibilityGlobals) = postSolution
		SolutionGuid = {0AAD3F5F-3A3B-4224-BFD4-A141A0459968}
	EndGlobalSection
EndGlobal
